<?xml version="1.0" encoding="Windows-1252"?>
<Project ToolsVersion="4.0" xmlns="http://schemas.microsoft.com/developer/msbuild/2003">
  <ItemGroup>
    <ClCompile Include="..\..\..\code\Assimp.cpp">
      <Filter>Source Files</Filter>
    </ClCompile>
    <ClCompile Include="..\..\..\code\BaseImporter.cpp">
      <Filter>Common</Filter>
    </ClCompile>
    <ClCompile Include="..\..\..\code\BaseProcess.cpp">
      <Filter>Common</Filter>
    </ClCompile>
    <ClCompile Include="..\..\..\code\PostStepRegistry.cpp">
      <Filter>Common</Filter>
    </ClCompile>
    <ClCompile Include="..\..\..\code\ImporterRegistry.cpp">
      <Filter>Common</Filter>
    </ClCompile>
    <ClCompile Include="..\..\..\code\DefaultIOStream.cpp">
      <Filter>Common</Filter>
    </ClCompile>
    <ClCompile Include="..\..\..\code\DefaultIOSystem.cpp">
      <Filter>Common</Filter>
    </ClCompile>
    <ClCompile Include="..\..\..\code\Importer.cpp">
      <Filter>Common</Filter>
    </ClCompile>
    <ClCompile Include="..\..\..\code\SGSpatialSort.cpp">
      <Filter>Common</Filter>
    </ClCompile>
    <ClCompile Include="..\..\..\code\VertexTriangleAdjacency.cpp">
      <Filter>Common</Filter>
    </ClCompile>
    <ClCompile Include="..\..\..\code\SpatialSort.cpp">
      <Filter>Common</Filter>
    </ClCompile>
    <ClCompile Include="..\..\..\code\SceneCombiner.cpp">
      <Filter>Common</Filter>
    </ClCompile>
    <ClCompile Include="..\..\..\code\ScenePreprocessor.cpp">
      <Filter>Common</Filter>
    </ClCompile>
    <ClCompile Include="..\..\..\code\SkeletonMeshBuilder.cpp">
      <Filter>Common</Filter>
    </ClCompile>
    <ClCompile Include="..\..\..\code\SplitByBoneCountProcess.cpp">
      <Filter>Common</Filter>
    </ClCompile>
    <ClCompile Include="..\..\..\code\StandardShapes.cpp">
      <Filter>Common</Filter>
    </ClCompile>
    <ClCompile Include="..\..\..\code\TargetAnimation.cpp">
      <Filter>Common</Filter>
    </ClCompile>
    <ClCompile Include="..\..\..\code\RemoveComments.cpp">
      <Filter>Common</Filter>
    </ClCompile>
    <ClCompile Include="..\..\..\code\Subdivision.cpp">
      <Filter>Common</Filter>
    </ClCompile>
    <ClCompile Include="..\..\..\code\Bitmap.cpp">
      <Filter>Common</Filter>
    </ClCompile>
    <ClCompile Include="..\..\..\code\DefaultLogger.cpp">
      <Filter>Logging</Filter>
    </ClCompile>
    <ClCompile Include="..\..\..\code\Exporter.cpp">
      <Filter>Exporter</Filter>
    </ClCompile>
    <ClCompile Include="..\..\..\code\AssimpCExport.cpp">
      <Filter>Exporter</Filter>
    </ClCompile>
    <ClCompile Include="..\..\..\code\CalcTangentsProcess.cpp">
      <Filter>PostProcessing</Filter>
    </ClCompile>
    <ClCompile Include="..\..\..\code\ComputeUVMappingProcess.cpp">
      <Filter>PostProcessing</Filter>
    </ClCompile>
    <ClCompile Include="..\..\..\code\ConvertToLHProcess.cpp">
      <Filter>PostProcessing</Filter>
    </ClCompile>
    <ClCompile Include="..\..\..\code\FindDegenerates.cpp">
      <Filter>PostProcessing</Filter>
    </ClCompile>
    <ClCompile Include="..\..\..\code\FindInstancesProcess.cpp">
      <Filter>PostProcessing</Filter>
    </ClCompile>
    <ClCompile Include="..\..\..\code\FindInvalidDataProcess.cpp">
      <Filter>PostProcessing</Filter>
    </ClCompile>
    <ClCompile Include="..\..\..\code\FixNormalsStep.cpp">
      <Filter>PostProcessing</Filter>
    </ClCompile>
    <ClCompile Include="..\..\..\code\GenFaceNormalsProcess.cpp">
      <Filter>PostProcessing</Filter>
    </ClCompile>
    <ClCompile Include="..\..\..\code\GenVertexNormalsProcess.cpp">
      <Filter>PostProcessing</Filter>
    </ClCompile>
    <ClCompile Include="..\..\..\code\PretransformVertices.cpp">
      <Filter>PostProcessing</Filter>
    </ClCompile>
    <ClCompile Include="..\..\..\code\ImproveCacheLocality.cpp">
      <Filter>PostProcessing</Filter>
    </ClCompile>
    <ClCompile Include="..\..\..\code\JoinVerticesProcess.cpp">
      <Filter>PostProcessing</Filter>
    </ClCompile>
    <ClCompile Include="..\..\..\code\LimitBoneWeightsProcess.cpp">
      <Filter>PostProcessing</Filter>
    </ClCompile>
    <ClCompile Include="..\..\..\code\RemoveRedundantMaterials.cpp">
      <Filter>PostProcessing</Filter>
    </ClCompile>
    <ClCompile Include="..\..\..\code\RemoveVCProcess.cpp">
      <Filter>PostProcessing</Filter>
    </ClCompile>
    <ClCompile Include="..\..\..\code\SortByPTypeProcess.cpp">
      <Filter>PostProcessing</Filter>
    </ClCompile>
    <ClCompile Include="..\..\..\code\SplitLargeMeshes.cpp">
      <Filter>PostProcessing</Filter>
    </ClCompile>
    <ClCompile Include="..\..\..\code\TextureTransform.cpp">
      <Filter>PostProcessing</Filter>
    </ClCompile>
    <ClCompile Include="..\..\..\code\TriangulateProcess.cpp">
      <Filter>PostProcessing</Filter>
    </ClCompile>
    <ClCompile Include="..\..\..\code\ValidateDataStructure.cpp">
      <Filter>PostProcessing</Filter>
    </ClCompile>
    <ClCompile Include="..\..\..\code\OptimizeGraph.cpp">
      <Filter>PostProcessing</Filter>
    </ClCompile>
    <ClCompile Include="..\..\..\code\OptimizeMeshes.cpp">
      <Filter>PostProcessing</Filter>
    </ClCompile>
    <ClCompile Include="..\..\..\code\DeboneProcess.cpp">
      <Filter>PostProcessing</Filter>
    </ClCompile>
    <ClCompile Include="..\..\..\code\ProcessHelper.cpp">
      <Filter>PostProcessing</Filter>
    </ClCompile>
    <ClCompile Include="..\..\..\code\MakeVerboseFormat.cpp">
      <Filter>PostProcessing</Filter>
    </ClCompile>
    <ClCompile Include="..\..\..\code\3DSConverter.cpp">
      <Filter>3DS</Filter>
    </ClCompile>
    <ClCompile Include="..\..\..\code\3DSLoader.cpp">
      <Filter>3DS</Filter>
    </ClCompile>
    <ClCompile Include="..\..\..\code\3DSExporter.cpp">
      <Filter>3DS</Filter>
    </ClCompile>
    <ClCompile Include="..\..\..\code\ACLoader.cpp">
      <Filter>AC</Filter>
    </ClCompile>
    <ClCompile Include="..\..\..\code\ASELoader.cpp">
      <Filter>ASE</Filter>
    </ClCompile>
    <ClCompile Include="..\..\..\code\ASEParser.cpp">
      <Filter>ASE</Filter>
    </ClCompile>
    <ClCompile Include="..\..\..\code\AssbinExporter.cpp">
      <Filter>Assbin</Filter>
    </ClCompile>
    <ClCompile Include="..\..\..\code\AssbinLoader.cpp">
      <Filter>Assbin</Filter>
    </ClCompile>
    <ClCompile Include="..\..\..\code\B3DImporter.cpp">
      <Filter>B3D</Filter>
    </ClCompile>
    <ClCompile Include="..\..\..\code\BVHLoader.cpp">
      <Filter>BVH</Filter>
    </ClCompile>
    <ClCompile Include="..\..\..\code\ColladaLoader.cpp">
      <Filter>Collada</Filter>
    </ClCompile>
    <ClCompile Include="..\..\..\code\ColladaParser.cpp">
      <Filter>Collada</Filter>
    </ClCompile>
    <ClCompile Include="..\..\..\code\ColladaExporter.cpp">
      <Filter>Collada</Filter>
    </ClCompile>
    <ClCompile Include="..\..\..\code\DXFLoader.cpp">
      <Filter>DXF</Filter>
    </ClCompile>
    <ClCompile Include="..\..\..\code\CSMLoader.cpp">
      <Filter>CSM</Filter>
    </ClCompile>
    <ClCompile Include="..\..\..\code\HMPLoader.cpp">
      <Filter>HMP</Filter>
    </ClCompile>
    <ClCompile Include="..\..\..\code\IRRLoader.cpp">
      <Filter>Irr</Filter>
    </ClCompile>
    <ClCompile Include="..\..\..\code\IRRMeshLoader.cpp">
      <Filter>Irr</Filter>
    </ClCompile>
    <ClCompile Include="..\..\..\code\IRRShared.cpp">
      <Filter>Irr</Filter>
    </ClCompile>
    <ClCompile Include="..\..\..\code\LWOAnimation.cpp">
      <Filter>LWO</Filter>
    </ClCompile>
    <ClCompile Include="..\..\..\code\LWOBLoader.cpp">
      <Filter>LWO</Filter>
    </ClCompile>
    <ClCompile Include="..\..\..\code\LWOLoader.cpp">
      <Filter>LWO</Filter>
    </ClCompile>
    <ClCompile Include="..\..\..\code\LWOMaterial.cpp">
      <Filter>LWO</Filter>
    </ClCompile>
    <ClCompile Include="..\..\..\code\LWSLoader.cpp">
      <Filter>LWS</Filter>
    </ClCompile>
    <ClCompile Include="..\..\..\code\MD2Loader.cpp">
      <Filter>MD2</Filter>
    </ClCompile>
    <ClCompile Include="..\..\..\code\MD3Loader.cpp">
      <Filter>MD3</Filter>
    </ClCompile>
    <ClCompile Include="..\..\..\code\MD5Loader.cpp">
      <Filter>MD5</Filter>
    </ClCompile>
    <ClCompile Include="..\..\..\code\MD5Parser.cpp">
      <Filter>MD5</Filter>
    </ClCompile>
    <ClCompile Include="..\..\..\code\MDCLoader.cpp">
      <Filter>MDC</Filter>
    </ClCompile>
    <ClCompile Include="..\..\..\code\MDLLoader.cpp">
      <Filter>MDL</Filter>
    </ClCompile>
    <ClCompile Include="..\..\..\code\MDLMaterialLoader.cpp">
      <Filter>MDL</Filter>
    </ClCompile>
    <ClCompile Include="..\..\..\code\MaterialSystem.cpp">
      <Filter>MaterialSystem</Filter>
    </ClCompile>
    <ClCompile Include="..\..\..\code\NFFLoader.cpp">
      <Filter>NFF</Filter>
    </ClCompile>
    <ClCompile Include="..\..\..\code\OFFLoader.cpp">
      <Filter>OFFFormat</Filter>
    </ClCompile>
    <ClCompile Include="..\..\..\code\ObjFileImporter.cpp">
      <Filter>Obj</Filter>
    </ClCompile>
    <ClCompile Include="..\..\..\code\ObjFileMtlImporter.cpp">
      <Filter>Obj</Filter>
    </ClCompile>
    <ClCompile Include="..\..\..\code\ObjFileParser.cpp">
      <Filter>Obj</Filter>
    </ClCompile>
    <ClCompile Include="..\..\..\code\ObjExporter.cpp">
      <Filter>Obj</Filter>
    </ClCompile>
    <ClCompile Include="..\..\..\code\OgreImporter.cpp">
      <Filter>Ogre</Filter>
    </ClCompile>
    <ClCompile Include="..\..\..\code\OgreStructs.cpp">
      <Filter>Ogre</Filter>
    </ClCompile>
    <ClCompile Include="..\..\..\code\OgreBinarySerializer.cpp">
      <Filter>Ogre</Filter>
    </ClCompile>
    <ClCompile Include="..\..\..\code\OgreXmlSerializer.cpp">
      <Filter>Ogre</Filter>
    </ClCompile>
    <ClCompile Include="..\..\..\code\OgreMaterial.cpp">
      <Filter>Ogre</Filter>
    </ClCompile>
    <ClCompile Include="..\..\..\code\PlyLoader.cpp">
      <Filter>Ply</Filter>
    </ClCompile>
    <ClCompile Include="..\..\..\code\PlyParser.cpp">
      <Filter>Ply</Filter>
    </ClCompile>
    <ClCompile Include="..\..\..\code\PlyExporter.cpp">
      <Filter>Ply</Filter>
    </ClCompile>
    <ClCompile Include="..\..\..\code\Q3DLoader.cpp">
      <Filter>Q3D</Filter>
    </ClCompile>
    <ClCompile Include="..\..\..\code\Q3BSPFileParser.cpp">
      <Filter>Q3BSP</Filter>
    </ClCompile>
    <ClCompile Include="..\..\..\code\Q3BSPFileImporter.cpp">
      <Filter>Q3BSP</Filter>
    </ClCompile>
    <ClCompile Include="..\..\..\code\Q3BSPZipArchive.cpp">
      <Filter>Q3BSP</Filter>
    </ClCompile>
    <ClCompile Include="..\..\..\code\RawLoader.cpp">
      <Filter>Raw</Filter>
    </ClCompile>
    <ClCompile Include="..\..\..\code\SMDLoader.cpp">
      <Filter>SMD</Filter>
    </ClCompile>
    <ClCompile Include="..\..\..\code\STLLoader.cpp">
      <Filter>STL</Filter>
    </ClCompile>
    <ClCompile Include="..\..\..\code\STLExporter.cpp">
      <Filter>STL</Filter>
    </ClCompile>
    <ClCompile Include="..\..\..\code\TerragenLoader.cpp">
      <Filter>Terragen</Filter>
    </ClCompile>
    <ClCompile Include="..\..\..\code\UnrealLoader.cpp">
      <Filter>Unreal</Filter>
    </ClCompile>
    <ClCompile Include="..\..\..\code\XFileImporter.cpp">
      <Filter>XFile</Filter>
    </ClCompile>
    <ClCompile Include="..\..\..\code\XFileParser.cpp">
      <Filter>XFile</Filter>
    </ClCompile>
    <ClCompile Include="..\..\..\code\XFileExporter.cpp">
      <Filter>XFile</Filter>
    </ClCompile>
    <ClCompile Include="..\..\..\code\MS3DLoader.cpp">
      <Filter>MS3D</Filter>
    </ClCompile>
    <ClCompile Include="..\..\..\code\COBLoader.cpp">
      <Filter>COB</Filter>
    </ClCompile>
    <ClCompile Include="..\..\..\code\BlenderLoader.cpp">
      <Filter>BLENDER</Filter>
    </ClCompile>
    <ClCompile Include="..\..\..\code\BlenderDNA.cpp">
      <Filter>BLENDER</Filter>
    </ClCompile>
    <ClCompile Include="..\..\..\code\BlenderScene.cpp">
      <Filter>BLENDER</Filter>
    </ClCompile>
    <ClCompile Include="..\..\..\code\BlenderModifier.cpp">
      <Filter>BLENDER</Filter>
    </ClCompile>
    <ClCompile Include="..\..\..\code\BlenderBMesh.cpp">
      <Filter>BLENDER</Filter>
    </ClCompile>
    <ClCompile Include="..\..\..\code\BlenderTessellator.cpp">
      <Filter>BLENDER</Filter>
    </ClCompile>
    <ClCompile Include="..\..\..\code\NDOLoader.cpp">
      <Filter>NDO</Filter>
    </ClCompile>
    <ClCompile Include="..\..\..\code\IFCLoader.cpp">
      <Filter>IFC</Filter>
    </ClCompile>
    <ClCompile Include="..\..\..\code\IFCReaderGen.cpp">
      <Filter>IFC</Filter>
    </ClCompile>
    <ClCompile Include="..\..\..\code\IFCUtil.cpp">
      <Filter>IFC</Filter>
    </ClCompile>
    <ClCompile Include="..\..\..\code\IFCGeometry.cpp">
      <Filter>IFC</Filter>
    </ClCompile>
    <ClCompile Include="..\..\..\code\IFCMaterial.cpp">
      <Filter>IFC</Filter>
    </ClCompile>
    <ClCompile Include="..\..\..\code\IFCProfile.cpp">
      <Filter>IFC</Filter>
    </ClCompile>
    <ClCompile Include="..\..\..\code\IFCCurve.cpp">
      <Filter>IFC</Filter>
    </ClCompile>
    <ClCompile Include="..\..\..\code\IFCBoolean.cpp">
      <Filter>IFC</Filter>
    </ClCompile>
    <ClCompile Include="..\..\..\code\IFCOpenings.cpp">
      <Filter>IFC</Filter>
    </ClCompile>
    <ClCompile Include="..\..\..\code\STEPFileReader.cpp">
      <Filter>IFC</Filter>
    </ClCompile>
    <ClCompile Include="..\..\..\code\STEPFileEncoding.cpp">
      <Filter>IFC</Filter>
    </ClCompile>
    <ClCompile Include="..\..\..\code\XGLLoader.cpp">
      <Filter>XGL</Filter>
    </ClCompile>
    <ClCompile Include="..\..\..\code\FBXImporter.cpp">
      <Filter>FBX</Filter>
    </ClCompile>
    <ClCompile Include="..\..\..\code\FBXParser.cpp">
      <Filter>FBX</Filter>
    </ClCompile>
    <ClCompile Include="..\..\..\code\FBXTokenizer.cpp">
      <Filter>FBX</Filter>
    </ClCompile>
    <ClCompile Include="..\..\..\code\FBXConverter.cpp">
      <Filter>FBX</Filter>
    </ClCompile>
    <ClCompile Include="..\..\..\code\FBXUtil.cpp">
      <Filter>FBX</Filter>
    </ClCompile>
    <ClCompile Include="..\..\..\code\FBXDocument.cpp">
      <Filter>FBX</Filter>
    </ClCompile>
    <ClCompile Include="..\..\..\code\FBXProperties.cpp">
      <Filter>FBX</Filter>
    </ClCompile>
    <ClCompile Include="..\..\..\code\FBXMeshGeometry.cpp">
      <Filter>FBX</Filter>
    </ClCompile>
    <ClCompile Include="..\..\..\code\FBXMaterial.cpp">
      <Filter>FBX</Filter>
    </ClCompile>
    <ClCompile Include="..\..\..\code\FBXModel.cpp">
      <Filter>FBX</Filter>
    </ClCompile>
    <ClCompile Include="..\..\..\code\FBXAnimation.cpp">
      <Filter>FBX</Filter>
    </ClCompile>
    <ClCompile Include="..\..\..\code\FBXNodeAttribute.cpp">
      <Filter>FBX</Filter>
    </ClCompile>
    <ClCompile Include="..\..\..\code\FBXDeformer.cpp">
      <Filter>FBX</Filter>
    </ClCompile>
    <ClCompile Include="..\..\..\code\FBXBinaryTokenizer.cpp">
      <Filter>FBX</Filter>
    </ClCompile>
    <ClCompile Include="..\..\..\code\FBXDocumentUtil.cpp">
      <Filter>FBX</Filter>
    </ClCompile>
    <ClCompile Include="..\..\..\contrib\irrXML\irrXML.cpp">
      <Filter>IrrXML</Filter>
    </ClCompile>
    <ClCompile Include="..\..\..\contrib\ConvertUTF\ConvertUTF.c">
      <Filter>ConvertUTF</Filter>
    </ClCompile>
    <ClCompile Include="..\..\..\contrib\unzip\ioapi.c">
      <Filter>unzip</Filter>
    </ClCompile>
    <ClCompile Include="..\..\..\contrib\unzip\unzip.c">
      <Filter>unzip</Filter>
    </ClCompile>
    <ClCompile Include="..\..\..\contrib\poly2tri\poly2tri\common\shapes.cc">
      <Filter>Poly2Tri</Filter>
    </ClCompile>
    <ClCompile Include="..\..\..\contrib\poly2tri\poly2tri\sweep\advancing_front.cc">
      <Filter>Poly2Tri</Filter>
    </ClCompile>
    <ClCompile Include="..\..\..\contrib\poly2tri\poly2tri\sweep\cdt.cc">
      <Filter>Poly2Tri</Filter>
    </ClCompile>
    <ClCompile Include="..\..\..\contrib\poly2tri\poly2tri\sweep\sweep.cc">
      <Filter>Poly2Tri</Filter>
    </ClCompile>
    <ClCompile Include="..\..\..\contrib\poly2tri\poly2tri\sweep\sweep_context.cc">
      <Filter>Poly2Tri</Filter>
    </ClCompile>
    <ClCompile Include="..\..\..\contrib\clipper\clipper.cpp">
      <Filter>Clipper</Filter>
    </ClCompile>
    <ClCompile Include="..\..\..\code\AssimpPCH.cpp">
      <Filter>Source Files</Filter>
    </ClCompile>
  </ItemGroup>
  <ItemGroup>
    <ClInclude Include="..\..\..\code\fast_atof.h">
      <Filter>Common</Filter>
    </ClInclude>
    <ClInclude Include="..\..\..\code\qnan.h">
      <Filter>Common</Filter>
    </ClInclude>
    <ClInclude Include="..\..\..\code\BaseImporter.h">
      <Filter>Common</Filter>
    </ClInclude>
    <ClInclude Include="..\..\..\code\BaseProcess.h">
      <Filter>Common</Filter>
    </ClInclude>
    <ClInclude Include="..\..\..\code\Importer.h">
      <Filter>Common</Filter>
    </ClInclude>
    <ClInclude Include="..\..\..\code\ScenePrivate.h">
      <Filter>Common</Filter>
    </ClInclude>
    <ClInclude Include="..\..\..\code\ByteSwap.h">
      <Filter>Common</Filter>
    </ClInclude>
    <ClInclude Include="..\..\..\code\DefaultProgressHandler.h">
      <Filter>Common</Filter>
    </ClInclude>
    <ClInclude Include="..\..\..\code\DefaultIOStream.h">
      <Filter>Common</Filter>
    </ClInclude>
    <ClInclude Include="..\..\..\code\DefaultIOSystem.h">
      <Filter>Common</Filter>
    </ClInclude>
    <ClInclude Include="..\..\..\code\CInterfaceIOWrapper.h">
      <Filter>Common</Filter>
    </ClInclude>
    <ClInclude Include="..\..\..\code\Hash.h">
      <Filter>Common</Filter>
    </ClInclude>
    <ClInclude Include="..\..\..\code\IFF.h">
      <Filter>Common</Filter>
    </ClInclude>
    <ClInclude Include="..\..\..\code\MemoryIOWrapper.h">
      <Filter>Common</Filter>
    </ClInclude>
    <ClInclude Include="..\..\..\code\ParsingUtils.h">
      <Filter>Common</Filter>
    </ClInclude>
    <ClInclude Include="..\..\..\code\StreamReader.h">
      <Filter>Common</Filter>
    </ClInclude>
    <ClInclude Include="..\..\..\code\StreamWriter.h">
      <Filter>Common</Filter>
    </ClInclude>
    <ClInclude Include="..\..\..\code\StringComparison.h">
      <Filter>Common</Filter>
    </ClInclude>
    <ClInclude Include="..\..\..\code\SGSpatialSort.h">
      <Filter>Common</Filter>
    </ClInclude>
    <ClInclude Include="..\..\..\code\VertexTriangleAdjacency.h">
      <Filter>Common</Filter>
    </ClInclude>
    <ClInclude Include="..\..\..\code\GenericProperty.h">
      <Filter>Common</Filter>
    </ClInclude>
    <ClInclude Include="..\..\..\code\SpatialSort.h">
      <Filter>Common</Filter>
    </ClInclude>
    <ClInclude Include="..\..\..\code\SceneCombiner.h">
      <Filter>Common</Filter>
    </ClInclude>
    <ClInclude Include="..\..\..\code\ScenePreprocessor.h">
      <Filter>Common</Filter>
    </ClInclude>
    <ClInclude Include="..\..\..\code\SkeletonMeshBuilder.h">
      <Filter>Common</Filter>
    </ClInclude>
    <ClInclude Include="..\..\..\code\SplitByBoneCountProcess.h">
      <Filter>Common</Filter>
    </ClInclude>
    <ClInclude Include="..\..\..\code\SmoothingGroups.h">
      <Filter>Common</Filter>
    </ClInclude>
    <ClInclude Include="..\..\..\code\StandardShapes.h">
      <Filter>Common</Filter>
    </ClInclude>
    <ClInclude Include="..\..\..\code\TargetAnimation.h">
      <Filter>Common</Filter>
    </ClInclude>
    <ClInclude Include="..\..\..\code\RemoveComments.h">
      <Filter>Common</Filter>
    </ClInclude>
    <ClInclude Include="..\..\..\code\Subdivision.h">
      <Filter>Common</Filter>
    </ClInclude>
    <ClInclude Include="..\..\..\code\Vertex.h">
      <Filter>Common</Filter>
    </ClInclude>
    <ClInclude Include="..\..\..\code\LineSplitter.h">
      <Filter>Common</Filter>
    </ClInclude>
    <ClInclude Include="..\..\..\code\TinyFormatter.h">
      <Filter>Common</Filter>
    </ClInclude>
    <ClInclude Include="..\..\..\code\Profiler.h">
      <Filter>Common</Filter>
    </ClInclude>
    <ClInclude Include="..\..\..\code\LogAux.h">
      <Filter>Common</Filter>
    </ClInclude>
    <ClInclude Include="..\..\..\code\Bitmap.h">
      <Filter>Common</Filter>
    </ClInclude>
    <ClInclude Include="..\..\..\include\assimp\DefaultLogger.hpp">
      <Filter>Logging</Filter>
    </ClInclude>
    <ClInclude Include="..\..\..\include\assimp\LogStream.hpp">
      <Filter>Logging</Filter>
    </ClInclude>
    <ClInclude Include="..\..\..\include\assimp\Logger.hpp">
      <Filter>Logging</Filter>
    </ClInclude>
    <ClInclude Include="..\..\..\include\assimp\NullLogger.hpp">
      <Filter>Logging</Filter>
    </ClInclude>
    <ClInclude Include="..\..\..\code\Win32DebugLogStream.h">
      <Filter>Logging</Filter>
    </ClInclude>
    <ClInclude Include="..\..\..\code\FileLogStream.h">
      <Filter>Logging</Filter>
    </ClInclude>
    <ClInclude Include="..\..\..\code\StdOStreamLogStream.h">
      <Filter>Logging</Filter>
    </ClInclude>
    <ClInclude Include="..\..\..\code\BlobIOSystem.h">
      <Filter>Exporter</Filter>
    </ClInclude>
    <ClInclude Include="..\..\..\code\CalcTangentsProcess.h">
      <Filter>PostProcessing</Filter>
    </ClInclude>
    <ClInclude Include="..\..\..\code\ComputeUVMappingProcess.h">
      <Filter>PostProcessing</Filter>
    </ClInclude>
    <ClInclude Include="..\..\..\code\ConvertToLHProcess.h">
      <Filter>PostProcessing</Filter>
    </ClInclude>
    <ClInclude Include="..\..\..\code\FindDegenerates.h">
      <Filter>PostProcessing</Filter>
    </ClInclude>
    <ClInclude Include="..\..\..\code\FindInstancesProcess.h">
      <Filter>PostProcessing</Filter>
    </ClInclude>
    <ClInclude Include="..\..\..\code\FindInvalidDataProcess.h">
      <Filter>PostProcessing</Filter>
    </ClInclude>
    <ClInclude Include="..\..\..\code\FixNormalsStep.h">
      <Filter>PostProcessing</Filter>
    </ClInclude>
    <ClInclude Include="..\..\..\code\GenFaceNormalsProcess.h">
      <Filter>PostProcessing</Filter>
    </ClInclude>
    <ClInclude Include="..\..\..\code\GenVertexNormalsProcess.h">
      <Filter>PostProcessing</Filter>
    </ClInclude>
    <ClInclude Include="..\..\..\code\PretransformVertices.h">
      <Filter>PostProcessing</Filter>
    </ClInclude>
    <ClInclude Include="..\..\..\code\ImproveCacheLocality.h">
      <Filter>PostProcessing</Filter>
    </ClInclude>
    <ClInclude Include="..\..\..\code\JoinVerticesProcess.h">
      <Filter>PostProcessing</Filter>
    </ClInclude>
    <ClInclude Include="..\..\..\code\LimitBoneWeightsProcess.h">
      <Filter>PostProcessing</Filter>
    </ClInclude>
    <ClInclude Include="..\..\..\code\RemoveRedundantMaterials.h">
      <Filter>PostProcessing</Filter>
    </ClInclude>
    <ClInclude Include="..\..\..\code\RemoveVCProcess.h">
      <Filter>PostProcessing</Filter>
    </ClInclude>
    <ClInclude Include="..\..\..\code\SortByPTypeProcess.h">
      <Filter>PostProcessing</Filter>
    </ClInclude>
    <ClInclude Include="..\..\..\code\SplitLargeMeshes.h">
      <Filter>PostProcessing</Filter>
    </ClInclude>
    <ClInclude Include="..\..\..\code\TextureTransform.h">
      <Filter>PostProcessing</Filter>
    </ClInclude>
    <ClInclude Include="..\..\..\code\TriangulateProcess.h">
      <Filter>PostProcessing</Filter>
    </ClInclude>
    <ClInclude Include="..\..\..\code\ValidateDataStructure.h">
      <Filter>PostProcessing</Filter>
    </ClInclude>
    <ClInclude Include="..\..\..\code\OptimizeGraph.h">
      <Filter>PostProcessing</Filter>
    </ClInclude>
    <ClInclude Include="..\..\..\code\OptimizeMeshes.h">
      <Filter>PostProcessing</Filter>
    </ClInclude>
    <ClInclude Include="..\..\..\code\DeboneProcess.h">
      <Filter>PostProcessing</Filter>
    </ClInclude>
    <ClInclude Include="..\..\..\code\ProcessHelper.h">
      <Filter>PostProcessing</Filter>
    </ClInclude>
    <ClInclude Include="..\..\..\code\PolyTools.h">
      <Filter>PostProcessing</Filter>
    </ClInclude>
    <ClInclude Include="..\..\..\code\MakeVerboseFormat.h">
      <Filter>PostProcessing</Filter>
    </ClInclude>
    <ClInclude Include="..\..\..\code\3DSHelper.h">
      <Filter>3DS</Filter>
    </ClInclude>
    <ClInclude Include="..\..\..\code\3DSLoader.h">
      <Filter>3DS</Filter>
    </ClInclude>
    <ClInclude Include="..\..\..\code\3DSExporter.h">
      <Filter>3DS</Filter>
    </ClInclude>
    <ClInclude Include="..\..\..\code\ACLoader.h">
      <Filter>AC</Filter>
    </ClInclude>
    <ClInclude Include="..\..\..\code\ASELoader.h">
      <Filter>ASE</Filter>
    </ClInclude>
    <ClInclude Include="..\..\..\code\ASEParser.h">
      <Filter>ASE</Filter>
    </ClInclude>
    <ClInclude Include="..\..\..\code\AssbinExporter.h">
      <Filter>Assbin</Filter>
    </ClInclude>
    <ClInclude Include="..\..\..\code\AssbinLoader.h">
      <Filter>Assbin</Filter>
    </ClInclude>
    <ClInclude Include="..\..\..\code\B3DImporter.h">
      <Filter>B3D</Filter>
    </ClInclude>
    <ClInclude Include="..\..\..\code\BVHLoader.h">
      <Filter>BVH</Filter>
    </ClInclude>
    <ClInclude Include="..\..\..\code\ColladaHelper.h">
      <Filter>Collada</Filter>
    </ClInclude>
    <ClInclude Include="..\..\..\code\ColladaLoader.h">
      <Filter>Collada</Filter>
    </ClInclude>
    <ClInclude Include="..\..\..\code\ColladaParser.h">
      <Filter>Collada</Filter>
    </ClInclude>
    <ClInclude Include="..\..\..\code\ColladaExporter.h">
      <Filter>Collada</Filter>
    </ClInclude>
    <ClInclude Include="..\..\..\code\DXFLoader.h">
      <Filter>DXF</Filter>
    </ClInclude>
    <ClInclude Include="..\..\..\code\DXFHelper.h">
      <Filter>DXF</Filter>
    </ClInclude>
    <ClInclude Include="..\..\..\code\CSMLoader.h">
      <Filter>CSM</Filter>
    </ClInclude>
    <ClInclude Include="..\..\..\code\HMPFileData.h">
      <Filter>HMP</Filter>
    </ClInclude>
    <ClInclude Include="..\..\..\code\HMPLoader.h">
      <Filter>HMP</Filter>
    </ClInclude>
    <ClInclude Include="..\..\..\code\HalfLifeFileData.h">
      <Filter>HMP</Filter>
    </ClInclude>
    <ClInclude Include="..\..\..\code\IRRLoader.h">
      <Filter>Irr</Filter>
    </ClInclude>
    <ClInclude Include="..\..\..\code\IRRMeshLoader.h">
      <Filter>Irr</Filter>
    </ClInclude>
    <ClInclude Include="..\..\..\code\IRRShared.h">
      <Filter>Irr</Filter>
    </ClInclude>
    <ClInclude Include="..\..\..\code\LWOAnimation.h">
      <Filter>LWO</Filter>
    </ClInclude>
    <ClInclude Include="..\..\..\code\LWOFileData.h">
      <Filter>LWO</Filter>
    </ClInclude>
    <ClInclude Include="..\..\..\code\LWOLoader.h">
      <Filter>LWO</Filter>
    </ClInclude>
    <ClInclude Include="..\..\..\code\LWSLoader.h">
      <Filter>LWS</Filter>
    </ClInclude>
    <ClInclude Include="..\..\..\code\MD2FileData.h">
      <Filter>MD2</Filter>
    </ClInclude>
    <ClInclude Include="..\..\..\code\MD2Loader.h">
      <Filter>MD2</Filter>
    </ClInclude>
    <ClInclude Include="..\..\..\code\MD2NormalTable.h">
      <Filter>MD2</Filter>
    </ClInclude>
    <ClInclude Include="..\..\..\code\MD3FileData.h">
      <Filter>MD3</Filter>
    </ClInclude>
    <ClInclude Include="..\..\..\code\MD3Loader.h">
      <Filter>MD3</Filter>
    </ClInclude>
    <ClInclude Include="..\..\..\code\MD5Loader.h">
      <Filter>MD5</Filter>
    </ClInclude>
    <ClInclude Include="..\..\..\code\MD5Parser.h">
      <Filter>MD5</Filter>
    </ClInclude>
    <ClInclude Include="..\..\..\code\MDCFileData.h">
      <Filter>MDC</Filter>
    </ClInclude>
    <ClInclude Include="..\..\..\code\MDCLoader.h">
      <Filter>MDC</Filter>
    </ClInclude>
    <ClInclude Include="..\..\..\code\MDCNormalTable.h">
      <Filter>MDC</Filter>
    </ClInclude>
    <ClInclude Include="..\..\..\code\MDLDefaultColorMap.h">
      <Filter>MDL</Filter>
    </ClInclude>
    <ClInclude Include="..\..\..\code\MDLFileData.h">
      <Filter>MDL</Filter>
    </ClInclude>
    <ClInclude Include="..\..\..\code\MDLLoader.h">
      <Filter>MDL</Filter>
    </ClInclude>
    <ClInclude Include="..\..\..\code\MaterialSystem.h">
      <Filter>MaterialSystem</Filter>
    </ClInclude>
    <ClInclude Include="..\..\..\code\NFFLoader.h">
      <Filter>NFF</Filter>
    </ClInclude>
    <ClInclude Include="..\..\..\code\OFFLoader.h">
      <Filter>OFFFormat</Filter>
    </ClInclude>
    <ClInclude Include="..\..\..\code\ObjFileData.h">
      <Filter>Obj</Filter>
    </ClInclude>
    <ClInclude Include="..\..\..\code\ObjFileImporter.h">
      <Filter>Obj</Filter>
    </ClInclude>
    <ClInclude Include="..\..\..\code\ObjFileMtlImporter.h">
      <Filter>Obj</Filter>
    </ClInclude>
    <ClInclude Include="..\..\..\code\ObjFileParser.h">
      <Filter>Obj</Filter>
    </ClInclude>
    <ClInclude Include="..\..\..\code\ObjTools.h">
      <Filter>Obj</Filter>
    </ClInclude>
    <ClInclude Include="..\..\..\code\ObjExporter.h">
      <Filter>Obj</Filter>
    </ClInclude>
    <ClInclude Include="..\..\..\code\OgreImporter.h">
      <Filter>Ogre</Filter>
    </ClInclude>
    <ClInclude Include="..\..\..\code\OgreStructs.h">
      <Filter>Ogre</Filter>
    </ClInclude>
    <ClInclude Include="..\..\..\code\OgreParsingUtils.h">
      <Filter>Ogre</Filter>
    </ClInclude>
    <ClInclude Include="..\..\..\code\OgreBinarySerializer.h">
      <Filter>Ogre</Filter>
    </ClInclude>
    <ClInclude Include="..\..\..\code\OgreXmlSerializer.h">
      <Filter>Ogre</Filter>
    </ClInclude>
    <ClInclude Include="..\..\..\code\PlyLoader.h">
      <Filter>Ply</Filter>
    </ClInclude>
    <ClInclude Include="..\..\..\code\PlyParser.h">
      <Filter>Ply</Filter>
    </ClInclude>
    <ClInclude Include="..\..\..\code\PlyExporter.h">
      <Filter>Ply</Filter>
    </ClInclude>
    <ClInclude Include="..\..\..\code\Q3DLoader.h">
      <Filter>Q3D</Filter>
    </ClInclude>
    <ClInclude Include="..\..\..\code\Q3BSPFileData.h">
      <Filter>Q3BSP</Filter>
    </ClInclude>
    <ClInclude Include="..\..\..\code\Q3BSPFileParser.h">
      <Filter>Q3BSP</Filter>
    </ClInclude>
    <ClInclude Include="..\..\..\code\Q3BSPFileImporter.h">
      <Filter>Q3BSP</Filter>
    </ClInclude>
    <ClInclude Include="..\..\..\code\Q3BSPZipArchive.h">
      <Filter>Q3BSP</Filter>
    </ClInclude>
    <ClInclude Include="..\..\..\code\RawLoader.h">
      <Filter>Raw</Filter>
    </ClInclude>
    <ClInclude Include="..\..\..\code\SMDLoader.h">
      <Filter>SMD</Filter>
    </ClInclude>
    <ClInclude Include="..\..\..\code\STLLoader.h">
      <Filter>STL</Filter>
    </ClInclude>
    <ClInclude Include="..\..\..\code\STLExporter.h">
      <Filter>STL</Filter>
    </ClInclude>
    <ClInclude Include="..\..\..\code\TerragenLoader.h">
      <Filter>Terragen</Filter>
    </ClInclude>
    <ClInclude Include="..\..\..\code\UnrealLoader.h">
      <Filter>Unreal</Filter>
    </ClInclude>
    <ClInclude Include="..\..\..\code\XFileHelper.h">
      <Filter>XFile</Filter>
    </ClInclude>
    <ClInclude Include="..\..\..\code\XFileImporter.h">
      <Filter>XFile</Filter>
    </ClInclude>
    <ClInclude Include="..\..\..\code\XFileParser.h">
      <Filter>XFile</Filter>
    </ClInclude>
    <ClInclude Include="..\..\..\code\XFileExporter.h">
      <Filter>XFile</Filter>
    </ClInclude>
    <ClInclude Include="..\..\..\code\MD4FileData.h">
      <Filter>Extra</Filter>
    </ClInclude>
    <ClInclude Include="..\..\..\code\MS3DLoader.h">
      <Filter>MS3D</Filter>
    </ClInclude>
    <ClInclude Include="..\..\..\code\COBLoader.h">
      <Filter>COB</Filter>
    </ClInclude>
    <ClInclude Include="..\..\..\code\COBScene.h">
      <Filter>COB</Filter>
    </ClInclude>
    <ClInclude Include="..\..\..\code\BlenderLoader.h">
      <Filter>BLENDER</Filter>
    </ClInclude>
    <ClInclude Include="..\..\..\code\BlenderDNA.h">
      <Filter>BLENDER</Filter>
    </ClInclude>
    <ClInclude Include="..\..\..\code\BlenderDNA.inl">
      <Filter>BLENDER</Filter>
    </ClInclude>
    <ClInclude Include="..\..\..\code\BlenderScene.h">
      <Filter>BLENDER</Filter>
    </ClInclude>
    <ClInclude Include="..\..\..\code\BlenderSceneGen.h">
      <Filter>BLENDER</Filter>
    </ClInclude>
    <ClInclude Include="..\..\..\code\BlenderIntermediate.h">
      <Filter>BLENDER</Filter>
    </ClInclude>
    <ClInclude Include="..\..\..\code\BlenderModifier.h">
      <Filter>BLENDER</Filter>
    </ClInclude>
    <ClInclude Include="..\..\..\code\BlenderBMesh.h">
      <Filter>BLENDER</Filter>
    </ClInclude>
    <ClInclude Include="..\..\..\code\BlenderTessellator.h">
      <Filter>BLENDER</Filter>
    </ClInclude>
    <ClInclude Include="..\..\..\code\NDOLoader.h">
      <Filter>NDO</Filter>
    </ClInclude>
    <ClInclude Include="..\..\..\code\IFCLoader.h">
      <Filter>IFC</Filter>
    </ClInclude>
    <ClInclude Include="..\..\..\code\IFCReaderGen.h">
      <Filter>IFC</Filter>
    </ClInclude>
    <ClInclude Include="..\..\..\code\IFCUtil.h">
      <Filter>IFC</Filter>
    </ClInclude>
    <ClInclude Include="..\..\..\code\STEPFile.h">
      <Filter>IFC</Filter>
    </ClInclude>
    <ClInclude Include="..\..\..\code\STEPFileReader.h">
      <Filter>IFC</Filter>
    </ClInclude>
    <ClInclude Include="..\..\..\code\STEPFileEncoding.h">
      <Filter>IFC</Filter>
    </ClInclude>
    <ClInclude Include="..\..\..\code\XGLLoader.h">
      <Filter>XGL</Filter>
    </ClInclude>
    <ClInclude Include="..\..\..\code\FBXCompileConfig.h">
      <Filter>FBX</Filter>
    </ClInclude>
    <ClInclude Include="..\..\..\code\FBXImporter.h">
      <Filter>FBX</Filter>
    </ClInclude>
    <ClInclude Include="..\..\..\code\FBXParser.h">
      <Filter>FBX</Filter>
    </ClInclude>
    <ClInclude Include="..\..\..\code\FBXTokenizer.h">
      <Filter>FBX</Filter>
    </ClInclude>
    <ClInclude Include="..\..\..\code\FBXImportSettings.h">
      <Filter>FBX</Filter>
    </ClInclude>
    <ClInclude Include="..\..\..\code\FBXConverter.h">
      <Filter>FBX</Filter>
    </ClInclude>
    <ClInclude Include="..\..\..\code\FBXUtil.h">
      <Filter>FBX</Filter>
    </ClInclude>
    <ClInclude Include="..\..\..\code\FBXDocument.h">
      <Filter>FBX</Filter>
    </ClInclude>
    <ClInclude Include="..\..\..\code\FBXProperties.h">
      <Filter>FBX</Filter>
    </ClInclude>
    <ClInclude Include="..\..\..\code\irrXMLWrapper.h">
      <Filter>IrrXML</Filter>
    </ClInclude>
    <ClInclude Include="..\..\..\contrib\irrXML\CXMLReaderImpl.h">
      <Filter>IrrXML</Filter>
    </ClInclude>
    <ClInclude Include="..\..\..\contrib\irrXML\heapsort.h">
      <Filter>IrrXML</Filter>
    </ClInclude>
    <ClInclude Include="..\..\..\contrib\irrXML\irrArray.h">
      <Filter>IrrXML</Filter>
    </ClInclude>
    <ClInclude Include="..\..\..\contrib\irrXML\irrString.h">
      <Filter>IrrXML</Filter>
    </ClInclude>
    <ClInclude Include="..\..\..\contrib\irrXML\irrTypes.h">
      <Filter>IrrXML</Filter>
    </ClInclude>
    <ClInclude Include="..\..\..\contrib\irrXML\irrXML.h">
      <Filter>IrrXML</Filter>
    </ClInclude>
    <ClInclude Include="..\..\..\contrib\ConvertUTF\ConvertUTF.h">
      <Filter>ConvertUTF</Filter>
    </ClInclude>
    <ClInclude Include="..\..\..\contrib\unzip\crypt.h">
      <Filter>unzip</Filter>
    </ClInclude>
    <ClInclude Include="..\..\..\contrib\unzip\ioapi.h">
      <Filter>unzip</Filter>
    </ClInclude>
    <ClInclude Include="..\..\..\contrib\unzip\unzip.h">
      <Filter>unzip</Filter>
    </ClInclude>
    <ClInclude Include="..\..\..\contrib\poly2tri\poly2tri\common\shapes.h">
      <Filter>Poly2Tri</Filter>
    </ClInclude>
    <ClInclude Include="..\..\..\contrib\poly2tri\poly2tri\common\utils.h">
      <Filter>Poly2Tri</Filter>
    </ClInclude>
    <ClInclude Include="..\..\..\contrib\poly2tri\poly2tri\sweep\advancing_front.h">
      <Filter>Poly2Tri</Filter>
    </ClInclude>
    <ClInclude Include="..\..\..\contrib\poly2tri\poly2tri\sweep\cdt.h">
      <Filter>Poly2Tri</Filter>
    </ClInclude>
    <ClInclude Include="..\..\..\contrib\poly2tri\poly2tri\sweep\sweep.h">
      <Filter>Poly2Tri</Filter>
    </ClInclude>
    <ClInclude Include="..\..\..\contrib\poly2tri\poly2tri\sweep\sweep_context.h">
      <Filter>Poly2Tri</Filter>
    </ClInclude>
    <ClInclude Include="..\..\..\contrib\clipper\clipper.hpp">
      <Filter>Clipper</Filter>
    </ClInclude>
    <ClInclude Include="..\..\..\code\BoostWorkaround\boost\math\common_factor_rt.hpp">
      <Filter>Boost</Filter>
    </ClInclude>
    <ClInclude Include="..\..\..\code\BoostWorkaround\boost\foreach.hpp">
      <Filter>Boost</Filter>
    </ClInclude>
    <ClInclude Include="..\..\..\code\BoostWorkaround\boost\format.hpp">
      <Filter>Boost</Filter>
    </ClInclude>
    <ClInclude Include="..\..\..\code\BoostWorkaround\boost\scoped_array.hpp">
      <Filter>Boost</Filter>
    </ClInclude>
    <ClInclude Include="..\..\..\code\BoostWorkaround\boost\scoped_ptr.hpp">
      <Filter>Boost</Filter>
    </ClInclude>
    <ClInclude Include="..\..\..\code\BoostWorkaround\boost\shared_array.hpp">
      <Filter>Boost</Filter>
    </ClInclude>
    <ClInclude Include="..\..\..\code\BoostWorkaround\boost\shared_ptr.hpp">
      <Filter>Boost</Filter>
    </ClInclude>
    <ClInclude Include="..\..\..\code\BoostWorkaround\boost\make_shared.hpp">
      <Filter>Boost</Filter>
    </ClInclude>
    <ClInclude Include="..\..\..\code\BoostWorkaround\boost\static_assert.hpp">
      <Filter>Boost</Filter>
    </ClInclude>
    <ClInclude Include="..\..\..\code\BoostWorkaround\boost\tuple\tuple.hpp">
      <Filter>Boost</Filter>
    </ClInclude>
    <ClInclude Include="..\..\..\include\assimp\anim.h">
      <Filter>Header Files</Filter>
    </ClInclude>
    <ClInclude Include="..\..\..\include\assimp\ai_assert.h">
      <Filter>Header Files</Filter>
    </ClInclude>
    <ClInclude Include="..\..\..\include\assimp\camera.h">
      <Filter>Header Files</Filter>
    </ClInclude>
    <ClInclude Include="..\..\..\include\assimp\color4.h">
      <Filter>Header Files</Filter>
    </ClInclude>
    <ClInclude Include="..\..\..\include\assimp\color4.inl">
      <Filter>Header Files</Filter>
    </ClInclude>
    <ClInclude Include="..\..\..\include\assimp\config.h">
      <Filter>Header Files</Filter>
    </ClInclude>
    <ClInclude Include="..\..\..\include\assimp\defs.h">
      <Filter>Header Files</Filter>
    </ClInclude>
    <ClInclude Include="..\..\..\include\assimp\cfileio.h">
      <Filter>Header Files</Filter>
    </ClInclude>
    <ClInclude Include="..\..\..\include\assimp\light.h">
      <Filter>Header Files</Filter>
    </ClInclude>
    <ClInclude Include="..\..\..\include\assimp\material.h">
      <Filter>Header Files</Filter>
    </ClInclude>
    <ClInclude Include="..\..\..\include\assimp\material.inl">
      <Filter>Header Files</Filter>
    </ClInclude>
    <ClInclude Include="..\..\..\include\assimp\matrix3x3.h">
      <Filter>Header Files</Filter>
    </ClInclude>
    <ClInclude Include="..\..\..\include\assimp\matrix3x3.inl">
      <Filter>Header Files</Filter>
    </ClInclude>
    <ClInclude Include="..\..\..\include\assimp\matrix4x4.h">
      <Filter>Header Files</Filter>
    </ClInclude>
    <ClInclude Include="..\..\..\include\assimp\matrix4x4.inl">
      <Filter>Header Files</Filter>
    </ClInclude>
    <ClInclude Include="..\..\..\include\assimp\mesh.h">
      <Filter>Header Files</Filter>
    </ClInclude>
    <ClInclude Include="..\..\..\include\assimp\postprocess.h">
      <Filter>Header Files</Filter>
    </ClInclude>
    <ClInclude Include="..\..\..\include\assimp\quaternion.h">
      <Filter>Header Files</Filter>
    </ClInclude>
    <ClInclude Include="..\..\..\include\assimp\quaternion.inl">
      <Filter>Header Files</Filter>
    </ClInclude>
    <ClInclude Include="..\..\..\include\assimp\scene.h">
      <Filter>Header Files</Filter>
    </ClInclude>
    <ClInclude Include="..\..\..\include\assimp\metadata.h">
      <Filter>Header Files</Filter>
    </ClInclude>
    <ClInclude Include="..\..\..\include\assimp\texture.h">
      <Filter>Header Files</Filter>
    </ClInclude>
    <ClInclude Include="..\..\..\include\assimp\types.h">
      <Filter>Header Files</Filter>
    </ClInclude>
    <ClInclude Include="..\..\..\include\assimp\vector2.h">
      <Filter>Header Files</Filter>
    </ClInclude>
    <ClInclude Include="..\..\..\include\assimp\vector2.inl">
      <Filter>Header Files</Filter>
    </ClInclude>
    <ClInclude Include="..\..\..\include\assimp\vector3.h">
      <Filter>Header Files</Filter>
    </ClInclude>
    <ClInclude Include="..\..\..\include\assimp\vector3.inl">
      <Filter>Header Files</Filter>
    </ClInclude>
    <ClInclude Include="..\..\..\include\assimp\version.h">
      <Filter>Header Files</Filter>
    </ClInclude>
    <ClInclude Include="..\..\..\include\assimp\cimport.h">
      <Filter>Header Files</Filter>
    </ClInclude>
    <ClInclude Include="..\..\..\include\assimp\importerdesc.h">
      <Filter>Header Files</Filter>
    </ClInclude>
    <ClInclude Include="..\..\..\include\assimp\Importer.hpp">
      <Filter>Header Files</Filter>
    </ClInclude>
    <ClInclude Include="..\..\..\include\assimp\ProgressHandler.hpp">
      <Filter>Header Files</Filter>
    </ClInclude>
    <ClInclude Include="..\..\..\include\assimp\IOStream.hpp">
      <Filter>Header Files</Filter>
    </ClInclude>
    <ClInclude Include="..\..\..\include\assimp\IOSystem.hpp">
      <Filter>Header Files</Filter>
    </ClInclude>
    <ClInclude Include="..\..\..\include\assimp\cexport.h">
      <Filter>Header Files</Filter>
    </ClInclude>
    <ClInclude Include="..\..\..\include\assimp\Exporter.hpp">
      <Filter>Header Files</Filter>
    </ClInclude>
    <ClInclude Include="..\..\..\include\assimp\Compiler\pushpack1.h">
      <Filter>Compiler</Filter>
    </ClInclude>
    <ClInclude Include="..\..\..\include\assimp\Compiler\poppack1.h">
      <Filter>Compiler</Filter>
    </ClInclude>
    <ClInclude Include="..\..\..\include\assimp\Compiler\pstdint.h">
      <Filter>Compiler</Filter>
    </ClInclude>
  </ItemGroup>
  <ItemGroup>
    <CustomBuild Include="..\..\..\code\CMakeLists.txt" />
  </ItemGroup>
  <ItemGroup>
    <Filter Include="Source Files">
      <UniqueIdentifier>{719CFA38-8F55-4E7D-91CF-01FB3093DBF0}</UniqueIdentifier>
    </Filter>
    <Filter Include="Header Files">
      <UniqueIdentifier>{4D42AAA4-8782-41E0-9894-673332640796}</UniqueIdentifier>
    </Filter>
    <Filter Include="Compiler">
      <UniqueIdentifier>{F9305D8A-1323-4F49-9F53-9A328B395272}</UniqueIdentifier>
    </Filter>
    <Filter Include="Boost">
      <UniqueIdentifier>{65946FFB-4D30-4178-80AE-23EE94BA5B9D}</UniqueIdentifier>
    </Filter>
    <Filter Include="Logging">
      <UniqueIdentifier>{7346DAD8-67BD-47F4-9229-E28D48285E89}</UniqueIdentifier>
    </Filter>
    <Filter Include="Common">
      <UniqueIdentifier>{3027296B-EDA4-434D-A113-7AC554092500}</UniqueIdentifier>
    </Filter>
    <Filter Include="3DS">
      <UniqueIdentifier>{E7856479-5EBB-47E9-951A-7CFC6A5DE9EE}</UniqueIdentifier>
    </Filter>
    <Filter Include="AC">
      <UniqueIdentifier>{AA34C13D-8FC3-49B9-912A-B1125F32D5B5}</UniqueIdentifier>
    </Filter>
    <Filter Include="ASE">
      <UniqueIdentifier>{FD169A0B-6BFD-4840-8CE9-63F853FF599D}</UniqueIdentifier>
    </Filter>
    <Filter Include="Assbin">
      <UniqueIdentifier>{DB36DDEB-1228-41F1-AE01-FA665D331B19}</UniqueIdentifier>
    </Filter>
    <Filter Include="B3D">
      <UniqueIdentifier>{702457B7-655B-4B4B-A4A0-E469446674DA}</UniqueIdentifier>
    </Filter>
    <Filter Include="BVH">
      <UniqueIdentifier>{F76F6B12-AF14-414D-8138-130D72AEA176}</UniqueIdentifier>
    </Filter>
    <Filter Include="Collada">
      <UniqueIdentifier>{D7686DE7-0A68-49B9-AD9E-F9E057E019E7}</UniqueIdentifier>
    </Filter>
    <Filter Include="DXF">
      <UniqueIdentifier>{DAE21964-C2F7-4909-B13F-EF414141E65E}</UniqueIdentifier>
    </Filter>
    <Filter Include="CSM">
      <UniqueIdentifier>{FA12EA4F-7128-437D-89B2-C03A173B477A}</UniqueIdentifier>
    </Filter>
    <Filter Include="HMP">
      <UniqueIdentifier>{F49D36EA-42A0-4247-9049-BCE435A6C23D}</UniqueIdentifier>
    </Filter>
    <Filter Include="Irr">
      <UniqueIdentifier>{5087D51F-22C9-400E-8AFA-B314F4543532}</UniqueIdentifier>
    </Filter>
    <Filter Include="LWO">
      <UniqueIdentifier>{14C61867-4C70-4CE7-93CE-F3777B33433F}</UniqueIdentifier>
    </Filter>
    <Filter Include="LWS">
      <UniqueIdentifier>{5351E282-307D-4A50-90A4-D3E170D781BF}</UniqueIdentifier>
    </Filter>
    <Filter Include="MD2">
      <UniqueIdentifier>{F5A36231-21E0-4160-84F8-C7DF1170DBE3}</UniqueIdentifier>
    </Filter>
    <Filter Include="MD3">
      <UniqueIdentifier>{E7323869-F7B8-457A-8C8A-5B385D3DAB8E}</UniqueIdentifier>
    </Filter>
    <Filter Include="MD5">
      <UniqueIdentifier>{07577D01-CD24-4068-B8C7-4D9F76B62BD9}</UniqueIdentifier>
    </Filter>
    <Filter Include="MDC">
      <UniqueIdentifier>{024D66A0-7D87-419C-9048-2F636A0E4F8B}</UniqueIdentifier>
    </Filter>
    <Filter Include="MDL">
      <UniqueIdentifier>{C70C7CC9-4859-439D-890E-1E8C6B447106}</UniqueIdentifier>
    </Filter>
    <Filter Include="MaterialSystem">
      <UniqueIdentifier>{F471002C-BAC3-4198-BA7F-16F3AB5D2B45}</UniqueIdentifier>
    </Filter>
    <Filter Include="NFF">
      <UniqueIdentifier>{838E4BA6-0244-4AF4-99EC-079ABAC5CA4C}</UniqueIdentifier>
    </Filter>
    <Filter Include="NDO">
      <UniqueIdentifier>{455E8B1C-99D6-434D-B459-201D9D679E03}</UniqueIdentifier>
    </Filter>
    <Filter Include="OFFFormat">
      <UniqueIdentifier>{B6EE3C17-9B64-4D1F-ACE3-EA5FE79A9CE2}</UniqueIdentifier>
    </Filter>
    <Filter Include="Obj">
      <UniqueIdentifier>{FA02395E-3FC9-402D-B57B-BDE29A3A4C27}</UniqueIdentifier>
    </Filter>
    <Filter Include="Ogre">
      <UniqueIdentifier>{13585641-61EA-49FB-A49E-B3FA4E7935B8}</UniqueIdentifier>
    </Filter>
    <Filter Include="Ply">
      <UniqueIdentifier>{FBB83E46-A124-4FE5-866D-FA1027F17A34}</UniqueIdentifier>
    </Filter>
    <Filter Include="MS3D">
      <UniqueIdentifier>{BE9E2F38-CC71-4DD0-8E0B-8CB813BDCCF2}</UniqueIdentifier>
    </Filter>
    <Filter Include="COB">
      <UniqueIdentifier>{E6D0913A-15A2-46C9-9CE0-628672A42015}</UniqueIdentifier>
    </Filter>
    <Filter Include="BLENDER">
      <UniqueIdentifier>{7C94DDE6-3EA4-4766-A124-6C5E925DAD5C}</UniqueIdentifier>
    </Filter>
    <Filter Include="IFC">
      <UniqueIdentifier>{3D69802D-3342-4087-A089-7FAD972E7F76}</UniqueIdentifier>
    </Filter>
    <Filter Include="XGL">
      <UniqueIdentifier>{A15FF6C0-FE03-4358-8D02-BD332AD6A3F6}</UniqueIdentifier>
    </Filter>
    <Filter Include="FBX">
      <UniqueIdentifier>{02BCB95D-FC10-4BF1-95C5-F75413CB97D8}</UniqueIdentifier>
    </Filter>
    <Filter Include="PostProcessing">
      <UniqueIdentifier>{9DB16EAB-A9D1-4696-8CFD-7AF7ADE9CA02}</UniqueIdentifier>
    </Filter>
    <Filter Include="Q3D">
      <UniqueIdentifier>{7B2DB7FF-DD43-44B3-AB04-5EBC9124F6F3}</UniqueIdentifier>
    </Filter>
    <Filter Include="Q3BSP">
      <UniqueIdentifier>{4886A07D-50FE-4F45-8E3F-B9D82F3F2F40}</UniqueIdentifier>
    </Filter>
    <Filter Include="Raw">
      <UniqueIdentifier>{4005633D-6337-4DD3-B247-D6F7B531BBD7}</UniqueIdentifier>
    </Filter>
    <Filter Include="SMD">
      <UniqueIdentifier>{F1842D7C-4A20-4F95-9C5E-ED50E6528399}</UniqueIdentifier>
    </Filter>
    <Filter Include="STL">
      <UniqueIdentifier>{C227BD88-84BE-4A67-A66B-02C673AADEC2}</UniqueIdentifier>
    </Filter>
    <Filter Include="Terragen">
      <UniqueIdentifier>{7D9FE93C-79D7-4C78-A98F-FC4E64F1C39A}</UniqueIdentifier>
    </Filter>
    <Filter Include="Unreal">
      <UniqueIdentifier>{A1553EA0-C002-4047-A1CE-2F09E0293890}</UniqueIdentifier>
    </Filter>
    <Filter Include="XFile">
      <UniqueIdentifier>{4B756084-1D99-4347-895F-39969B4F9E68}</UniqueIdentifier>
    </Filter>
    <Filter Include="Exporter">
      <UniqueIdentifier>{EC300F40-3B4C-4AD2-8385-E8C03B75560B}</UniqueIdentifier>
    </Filter>
    <Filter Include="Extra">
      <UniqueIdentifier>{79E8C647-BC22-48B4-A73A-C1D73D288D62}</UniqueIdentifier>
    </Filter>
    <Filter Include="IrrXML">
      <UniqueIdentifier>{AD9CBD6D-C1EE-4752-ADC6-36010D88C513}</UniqueIdentifier>
    </Filter>
    <Filter Include="ConvertUTF">
      <UniqueIdentifier>{53441F18-C7C7-4158-BB0B-2825711069F6}</UniqueIdentifier>
    </Filter>
    <Filter Include="Clipper">
      <UniqueIdentifier>{F7CB9815-0BDF-4C65-8AEB-630515C259CF}</UniqueIdentifier>
    </Filter>
    <Filter Include="Poly2Tri">
      <UniqueIdentifier>{116D652F-A2B5-48BC-BE94-4235DB3C960A}</UniqueIdentifier>
    </Filter>
    <Filter Include="unzip">
      <UniqueIdentifier>{00DF5759-D527-4CB4-BE74-8158CBD31C80}</UniqueIdentifier>
    </Filter>
  </ItemGroup>
</Project>
